
Microsoft Visual Studio Solution File, Format Version 12.00
# Visual Studio 2012
Project("{FAE04EC0-301F-11D3-BF4B-00C04F79EFBC}") = "AS3_WebAppProject", "AS3_WebAppProject\AS3_WebAppProject.csproj", "{EAFAA960-3C4F-483E-838F-B9372DB9D701}"
EndProject
Global
	GlobalSection(SolutionConfigurationPlatforms) = preSolution
		Debug|Any CPU = Debug|Any CPU
		Release|Any CPU = Release|Any CPU
	EndGlobalSection
	GlobalSection(ProjectConfigurationPlatforms) = postSolution
		{EAFAA960-3C4F-483E-838F-B9372DB9D701}.Debug|Any CPU.ActiveCfg = Debug|Any CPU
		{EAFAA960-3C4F-483E-838F-B9372DB9D701}.Debug|Any CPU.Build.0 = Debug|Any CPU
		{EAFAA960-3C4F-483E-838F-B9372DB9D701}.Release|Any CPU.ActiveCfg = Release|Any CPU
		{EAFAA960-3C4F-483E-838F-B9372DB9D701}.Release|Any CPU.Build.0 = Release|Any CPU
	EndGlobalSection
	GlobalSection(SolutionProperties) = preSolution
		HideSolutionNode = FALSE
	EndGlobalSection
EndGlobal
